<Solution>
  <Folder Name="/01-App/">
    <Project Path="theApp/theApp.csproj" />
  </Folder>
  <Folder Name="/03-Components/">
    <Project Path="theComponents/theComponents.csproj" Id="532bc4d8-ba31-4782-9139-e6a57f29dad1" />
  </Folder>
  <Folder Name="/05-Controls/">
    <Project Path="theControls/theControls.csproj" Id="c6fee19a-2f57-4097-b0fe-6500e8b23520" />
  </Folder>
  <Folder Name="/07-Database/">
    <Project Path="theDatabase/theDatabase.csproj" Id="cd1a0441-2d17-4266-a2b6-5978485e240c" />
  </Folder>
  <Folder Name="/09-Infrastructure/">
    <Project Path="theInfrastructure/theInfrastructure.csproj" Id="692f1133-742b-4eeb-b4bb-7b1375b0a8c8" />
  </Folder>
</Solution>
